// !$*UTF8*$!
{
	archiveVersion = 1;
	classes = {
	};
	objectVersion = 50;
	objects = {

/* Begin PBXBuildFile section */
		F9125D4C2674BA16002D8040 /* CustomPicker.swift in Sources */ = {isa = PBXBuildFile; fileRef = F9125D4B2674BA16002D8040 /* CustomPicker.swift */; };
		F9125D4D2674BA16002D8040 /* CustomPicker.swift in Sources */ = {isa = PBXBuildFile; fileRef = F9125D4B2674BA16002D8040 /* CustomPicker.swift */; };
		F9125D4F2674CE1A002D8040 /* MidiCommandItemView.swift in Sources */ = {isa = PBXBuildFile; fileRef = F9125D4E2674CE1A002D8040 /* MidiCommandItemView.swift */; };
		F9125D502674CE1A002D8040 /* MidiCommandItemView.swift in Sources */ = {isa = PBXBuildFile; fileRef = F9125D4E2674CE1A002D8040 /* MidiCommandItemView.swift */; };
		F9268F60266AD2ED00D0CEB3 /* Tests_iOS.swift in Sources */ = {isa = PBXBuildFile; fileRef = F9268F5F266AD2ED00D0CEB3 /* Tests_iOS.swift */; };
		F9268F6B266AD2ED00D0CEB3 /* Tests_macOS.swift in Sources */ = {isa = PBXBuildFile; fileRef = F9268F6A266AD2ED00D0CEB3 /* Tests_macOS.swift */; };
		F9268F6D266AD2ED00D0CEB3 /* switcherui.swift in Sources */ = {isa = PBXBuildFile; fileRef = F9268F44266AD2EA00D0CEB3 /* switcherui.swift */; };
		F9268F6E266AD2ED00D0CEB3 /* switcherui.swift in Sources */ = {isa = PBXBuildFile; fileRef = F9268F44266AD2EA00D0CEB3 /* switcherui.swift */; };
		F9268F6F266AD2ED00D0CEB3 /* ContentView.swift in Sources */ = {isa = PBXBuildFile; fileRef = F9268F45266AD2EA00D0CEB3 /* ContentView.swift */; };
		F9268F70266AD2ED00D0CEB3 /* ContentView.swift in Sources */ = {isa = PBXBuildFile; fileRef = F9268F45266AD2EA00D0CEB3 /* ContentView.swift */; };
		F9268F71266AD2ED00D0CEB3 /* Assets.xcassets in Resources */ = {isa = PBXBuildFile; fileRef = F9268F46266AD2ED00D0CEB3 /* Assets.xcassets */; };
		F9268F72266AD2ED00D0CEB3 /* Assets.xcassets in Resources */ = {isa = PBXBuildFile; fileRef = F9268F46266AD2ED00D0CEB3 /* Assets.xcassets */; };
		F9268F82266AE78800D0CEB3 /* ble.swift in Sources */ = {isa = PBXBuildFile; fileRef = F9268F81266AE78800D0CEB3 /* ble.swift */; };
		F9268F83266AE78800D0CEB3 /* ble.swift in Sources */ = {isa = PBXBuildFile; fileRef = F9268F81266AE78800D0CEB3 /* ble.swift */; };
		F9BF45EC26715D3100EF2C97 /* Loopcheck.swift in Sources */ = {isa = PBXBuildFile; fileRef = F9BF45EB26715D3100EF2C97 /* Loopcheck.swift */; };
		F9BF45ED26715D3100EF2C97 /* Loopcheck.swift in Sources */ = {isa = PBXBuildFile; fileRef = F9BF45EB26715D3100EF2C97 /* Loopcheck.swift */; };
/* End PBXBuildFile section */

/* Begin PBXContainerItemProxy section */
		F9268F5C266AD2ED00D0CEB3 /* PBXContainerItemProxy */ = {
			isa = PBXContainerItemProxy;
			containerPortal = F9268F3F266AD2EA00D0CEB3 /* Project object */;
			proxyType = 1;
			remoteGlobalIDString = F9268F4A266AD2ED00D0CEB3;
			remoteInfo = "testble2 (iOS)";
		};
		F9268F67266AD2ED00D0CEB3 /* PBXContainerItemProxy */ = {
			isa = PBXContainerItemProxy;
			containerPortal = F9268F3F266AD2EA00D0CEB3 /* Project object */;
			proxyType = 1;
			remoteGlobalIDString = F9268F52266AD2ED00D0CEB3;
			remoteInfo = "testble2 (macOS)";
		};
/* End PBXContainerItemProxy section */

/* Begin PBXFileReference section */
		F9125D4B2674BA16002D8040 /* CustomPicker.swift */ = {isa = PBXFileReference; lastKnownFileType = sourcecode.swift; path = CustomPicker.swift; sourceTree = "<group>"; };
		F9125D4E2674CE1A002D8040 /* MidiCommandItemView.swift */ = {isa = PBXFileReference; lastKnownFileType = sourcecode.swift; path = MidiCommandItemView.swift; sourceTree = "<group>"; };
		F9268F44266AD2EA00D0CEB3 /* switcherui.swift */ = {isa = PBXFileReference; lastKnownFileType = sourcecode.swift; path = switcherui.swift; sourceTree = "<group>"; };
		F9268F45266AD2EA00D0CEB3 /* ContentView.swift */ = {isa = PBXFileReference; lastKnownFileType = sourcecode.swift; path = ContentView.swift; sourceTree = "<group>"; };
		F9268F46266AD2ED00D0CEB3 /* Assets.xcassets */ = {isa = PBXFileReference; lastKnownFileType = folder.assetcatalog; path = Assets.xcassets; sourceTree = "<group>"; };
		F9268F4B266AD2ED00D0CEB3 /* switcherui.app */ = {isa = PBXFileReference; explicitFileType = wrapper.application; includeInIndex = 0; path = switcherui.app; sourceTree = BUILT_PRODUCTS_DIR; };
		F9268F4E266AD2ED00D0CEB3 /* Info.plist */ = {isa = PBXFileReference; lastKnownFileType = text.plist.xml; path = Info.plist; sourceTree = "<group>"; };
		F9268F53266AD2ED00D0CEB3 /* switcherui.app */ = {isa = PBXFileReference; explicitFileType = wrapper.application; includeInIndex = 0; path = switcherui.app; sourceTree = BUILT_PRODUCTS_DIR; };
		F9268F55266AD2ED00D0CEB3 /* Info.plist */ = {isa = PBXFileReference; lastKnownFileType = text.plist.xml; path = Info.plist; sourceTree = "<group>"; };
		F9268F56266AD2ED00D0CEB3 /* macOS.entitlements */ = {isa = PBXFileReference; lastKnownFileType = text.plist.entitlements; path = macOS.entitlements; sourceTree = "<group>"; };
		F9268F5B266AD2ED00D0CEB3 /* Tests iOS.xctest */ = {isa = PBXFileReference; explicitFileType = wrapper.cfbundle; includeInIndex = 0; path = "Tests iOS.xctest"; sourceTree = BUILT_PRODUCTS_DIR; };
		F9268F5F266AD2ED00D0CEB3 /* Tests_iOS.swift */ = {isa = PBXFileReference; lastKnownFileType = sourcecode.swift; path = Tests_iOS.swift; sourceTree = "<group>"; };
		F9268F61266AD2ED00D0CEB3 /* Info.plist */ = {isa = PBXFileReference; lastKnownFileType = text.plist.xml; path = Info.plist; sourceTree = "<group>"; };
		F9268F66266AD2ED00D0CEB3 /* Tests macOS.xctest */ = {isa = PBXFileReference; explicitFileType = wrapper.cfbundle; includeInIndex = 0; path = "Tests macOS.xctest"; sourceTree = BUILT_PRODUCTS_DIR; };
		F9268F6A266AD2ED00D0CEB3 /* Tests_macOS.swift */ = {isa = PBXFileReference; lastKnownFileType = sourcecode.swift; path = Tests_macOS.swift; sourceTree = "<group>"; };
		F9268F6C266AD2ED00D0CEB3 /* Info.plist */ = {isa = PBXFileReference; lastKnownFileType = text.plist.xml; path = Info.plist; sourceTree = "<group>"; };
		F9268F81266AE78800D0CEB3 /* ble.swift */ = {isa = PBXFileReference; lastKnownFileType = sourcecode.swift; path = ble.swift; sourceTree = "<group>"; };
		F9BF45EB26715D3100EF2C97 /* Loopcheck.swift */ = {isa = PBXFileReference; lastKnownFileType = sourcecode.swift; path = Loopcheck.swift; sourceTree = "<group>"; };
/* End PBXFileReference section */

/* Begin PBXFrameworksBuildPhase section */
		F9268F48266AD2ED00D0CEB3 /* Frameworks */ = {
			isa = PBXFrameworksBuildPhase;
			buildActionMask = 2147483647;
			files = (
			);
			runOnlyForDeploymentPostprocessing = 0;
		};
		F9268F50266AD2ED00D0CEB3 /* Frameworks */ = {
			isa = PBXFrameworksBuildPhase;
			buildActionMask = 2147483647;
			files = (
			);
			runOnlyForDeploymentPostprocessing = 0;
		};
		F9268F58266AD2ED00D0CEB3 /* Frameworks */ = {
			isa = PBXFrameworksBuildPhase;
			buildActionMask = 2147483647;
			files = (
			);
			runOnlyForDeploymentPostprocessing = 0;
		};
		F9268F63266AD2ED00D0CEB3 /* Frameworks */ = {
			isa = PBXFrameworksBuildPhase;
			buildActionMask = 2147483647;
			files = (
			);
			runOnlyForDeploymentPostprocessing = 0;
		};
/* End PBXFrameworksBuildPhase section */

/* Begin PBXGroup section */
		F9268F3E266AD2EA00D0CEB3 = {
			isa = PBXGroup;
			children = (
				F9268F43266AD2EA00D0CEB3 /* Shared */,
				F9268F4D266AD2ED00D0CEB3 /* iOS */,
				F9268F54266AD2ED00D0CEB3 /* macOS */,
				F9268F5E266AD2ED00D0CEB3 /* Tests iOS */,
				F9268F69266AD2ED00D0CEB3 /* Tests macOS */,
				F9268F4C266AD2ED00D0CEB3 /* Products */,
			);
			sourceTree = "<group>";
		};
		F9268F43266AD2EA00D0CEB3 /* Shared */ = {
			isa = PBXGroup;
			children = (
				F9268F44266AD2EA00D0CEB3 /* switcherui.swift */,
				F9268F45266AD2EA00D0CEB3 /* ContentView.swift */,
				F9268F46266AD2ED00D0CEB3 /* Assets.xcassets */,
				F9268F81266AE78800D0CEB3 /* ble.swift */,
				F9BF45EB26715D3100EF2C97 /* Loopcheck.swift */,
				F9125D4B2674BA16002D8040 /* CustomPicker.swift */,
				F9125D4E2674CE1A002D8040 /* MidiCommandItemView.swift */,
			);
			path = Shared;
			sourceTree = "<group>";
		};
		F9268F4C266AD2ED00D0CEB3 /* Products */ = {
			isa = PBXGroup;
			children = (
				F9268F4B266AD2ED00D0CEB3 /* switcherui.app */,
				F9268F53266AD2ED00D0CEB3 /* switcherui.app */,
				F9268F5B266AD2ED00D0CEB3 /* Tests iOS.xctest */,
				F9268F66266AD2ED00D0CEB3 /* Tests macOS.xctest */,
			);
			name = Products;
			sourceTree = "<group>";
		};
		F9268F4D266AD2ED00D0CEB3 /* iOS */ = {
			isa = PBXGroup;
			children = (
				F9268F4E266AD2ED00D0CEB3 /* Info.plist */,
			);
			path = iOS;
			sourceTree = "<group>";
		};
		F9268F54266AD2ED00D0CEB3 /* macOS */ = {
			isa = PBXGroup;
			children = (
				F9268F55266AD2ED00D0CEB3 /* Info.plist */,
				F9268F56266AD2ED00D0CEB3 /* macOS.entitlements */,
			);
			path = macOS;
			sourceTree = "<group>";
		};
		F9268F5E266AD2ED00D0CEB3 /* Tests iOS */ = {
			isa = PBXGroup;
			children = (
				F9268F5F266AD2ED00D0CEB3 /* Tests_iOS.swift */,
				F9268F61266AD2ED00D0CEB3 /* Info.plist */,
			);
			path = "Tests iOS";
			sourceTree = "<group>";
		};
		F9268F69266AD2ED00D0CEB3 /* Tests macOS */ = {
			isa = PBXGroup;
			children = (
				F9268F6A266AD2ED00D0CEB3 /* Tests_macOS.swift */,
				F9268F6C266AD2ED00D0CEB3 /* Info.plist */,
			);
			path = "Tests macOS";
			sourceTree = "<group>";
		};
/* End PBXGroup section */

/* Begin PBXNativeTarget section */
		F9268F4A266AD2ED00D0CEB3 /* switcherui (iOS) */ = {
			isa = PBXNativeTarget;
			buildConfigurationList = F9268F75266AD2ED00D0CEB3 /* Build configuration list for PBXNativeTarget "switcherui (iOS)" */;
			buildPhases = (
				F9268F47266AD2ED00D0CEB3 /* Sources */,
				F9268F48266AD2ED00D0CEB3 /* Frameworks */,
				F9268F49266AD2ED00D0CEB3 /* Resources */,
			);
			buildRules = (
			);
			dependencies = (
			);
			name = "switcherui (iOS)";
			productName = "testble2 (iOS)";
			productReference = F9268F4B266AD2ED00D0CEB3 /* switcherui.app */;
			productType = "com.apple.product-type.application";
		};
		F9268F52266AD2ED00D0CEB3 /* switcherui (macOS) */ = {
			isa = PBXNativeTarget;
			buildConfigurationList = F9268F78266AD2ED00D0CEB3 /* Build configuration list for PBXNativeTarget "switcherui (macOS)" */;
			buildPhases = (
				F9268F4F266AD2ED00D0CEB3 /* Sources */,
				F9268F50266AD2ED00D0CEB3 /* Frameworks */,
				F9268F51266AD2ED00D0CEB3 /* Resources */,
			);
			buildRules = (
			);
			dependencies = (
			);
			name = "switcherui (macOS)";
			productName = "testble2 (macOS)";
			productReference = F9268F53266AD2ED00D0CEB3 /* switcherui.app */;
			productType = "com.apple.product-type.application";
		};
		F9268F5A266AD2ED00D0CEB3 /* Tests iOS */ = {
			isa = PBXNativeTarget;
			buildConfigurationList = F9268F7B266AD2ED00D0CEB3 /* Build configuration list for PBXNativeTarget "Tests iOS" */;
			buildPhases = (
				F9268F57266AD2ED00D0CEB3 /* Sources */,
				F9268F58266AD2ED00D0CEB3 /* Frameworks */,
				F9268F59266AD2ED00D0CEB3 /* Resources */,
			);
			buildRules = (
			);
			dependencies = (
				F9268F5D266AD2ED00D0CEB3 /* PBXTargetDependency */,
			);
			name = "Tests iOS";
			productName = "Tests iOS";
			productReference = F9268F5B266AD2ED00D0CEB3 /* Tests iOS.xctest */;
			productType = "com.apple.product-type.bundle.ui-testing";
		};
		F9268F65266AD2ED00D0CEB3 /* Tests macOS */ = {
			isa = PBXNativeTarget;
			buildConfigurationList = F9268F7E266AD2ED00D0CEB3 /* Build configuration list for PBXNativeTarget "Tests macOS" */;
			buildPhases = (
				F9268F62266AD2ED00D0CEB3 /* Sources */,
				F9268F63266AD2ED00D0CEB3 /* Frameworks */,
				F9268F64266AD2ED00D0CEB3 /* Resources */,
			);
			buildRules = (
			);
			dependencies = (
				F9268F68266AD2ED00D0CEB3 /* PBXTargetDependency */,
			);
			name = "Tests macOS";
			productName = "Tests macOS";
			productReference = F9268F66266AD2ED00D0CEB3 /* Tests macOS.xctest */;
			productType = "com.apple.product-type.bundle.ui-testing";
		};
/* End PBXNativeTarget section */

/* Begin PBXProject section */
		F9268F3F266AD2EA00D0CEB3 /* Project object */ = {
			isa = PBXProject;
			attributes = {
				LastSwiftUpdateCheck = 1250;
				LastUpgradeCheck = 1250;
				TargetAttributes = {
					F9268F4A266AD2ED00D0CEB3 = {
						CreatedOnToolsVersion = 12.5;
					};
					F9268F52266AD2ED00D0CEB3 = {
						CreatedOnToolsVersion = 12.5;
					};
					F9268F5A266AD2ED00D0CEB3 = {
						CreatedOnToolsVersion = 12.5;
						TestTargetID = F9268F4A266AD2ED00D0CEB3;
					};
					F9268F65266AD2ED00D0CEB3 = {
						CreatedOnToolsVersion = 12.5;
						TestTargetID = F9268F52266AD2ED00D0CEB3;
					};
				};
			};
			buildConfigurationList = F9268F42266AD2EA00D0CEB3 /* Build configuration list for PBXProject "switcherui" */;
			compatibilityVersion = "Xcode 9.3";
			developmentRegion = en;
			hasScannedForEncodings = 0;
			knownRegions = (
				en,
				Base,
			);
			mainGroup = F9268F3E266AD2EA00D0CEB3;
			productRefGroup = F9268F4C266AD2ED00D0CEB3 /* Products */;
			projectDirPath = "";
			projectRoot = "";
			targets = (
				F9268F4A266AD2ED00D0CEB3 /* switcherui (iOS) */,
				F9268F52266AD2ED00D0CEB3 /* switcherui (macOS) */,
				F9268F5A266AD2ED00D0CEB3 /* Tests iOS */,
				F9268F65266AD2ED00D0CEB3 /* Tests macOS */,
			);
		};
/* End PBXProject section */

/* Begin PBXResourcesBuildPhase section */
		F9268F49266AD2ED00D0CEB3 /* Resources */ = {
			isa = PBXResourcesBuildPhase;
			buildActionMask = 2147483647;
			files = (
				F9268F71266AD2ED00D0CEB3 /* Assets.xcassets in Resources */,
			);
			runOnlyForDeploymentPostprocessing = 0;
		};
		F9268F51266AD2ED00D0CEB3 /* Resources */ = {
			isa = PBXResourcesBuildPhase;
			buildActionMask = 2147483647;
			files = (
				F9268F72266AD2ED00D0CEB3 /* Assets.xcassets in Resources */,
			);
			runOnlyForDeploymentPostprocessing = 0;
		};
		F9268F59266AD2ED00D0CEB3 /* Resources */ = {
			isa = PBXResourcesBuildPhase;
			buildActionMask = 2147483647;
			files = (
			);
			runOnlyForDeploymentPostprocessing = 0;
		};
		F9268F64266AD2ED00D0CEB3 /* Resources */ = {
			isa = PBXResourcesBuildPhase;
			buildActionMask = 2147483647;
			files = (
			);
			runOnlyForDeploymentPostprocessing = 0;
		};
/* End PBXResourcesBuildPhase section */

/* Begin PBXSourcesBuildPhase section */
		F9268F47266AD2ED00D0CEB3 /* Sources */ = {
			isa = PBXSourcesBuildPhase;
			buildActionMask = 2147483647;
			files = (
				F9125D4F2674CE1A002D8040 /* MidiCommandItemView.swift in Sources */,
				F9125D4C2674BA16002D8040 /* CustomPicker.swift in Sources */,
				F9268F6F266AD2ED00D0CEB3 /* ContentView.swift in Sources */,
				F9268F6D266AD2ED00D0CEB3 /* switcherui.swift in Sources */,
				F9BF45EC26715D3100EF2C97 /* Loopcheck.swift in Sources */,
				F9268F82266AE78800D0CEB3 /* ble.swift in Sources */,
			);
			runOnlyForDeploymentPostprocessing = 0;
		};
		F9268F4F266AD2ED00D0CEB3 /* Sources */ = {
			isa = PBXSourcesBuildPhase;
			buildActionMask = 2147483647;
			files = (
				F9125D502674CE1A002D8040 /* MidiCommandItemView.swift in Sources */,
				F9125D4D2674BA16002D8040 /* CustomPicker.swift in Sources */,
				F9268F70266AD2ED00D0CEB3 /* ContentView.swift in Sources */,
				F9268F6E266AD2ED00D0CEB3 /* switcherui.swift in Sources */,
				F9BF45ED26715D3100EF2C97 /* Loopcheck.swift in Sources */,
				F9268F83266AE78800D0CEB3 /* ble.swift in Sources */,
			);
			runOnlyForDeploymentPostprocessing = 0;
		};
		F9268F57266AD2ED00D0CEB3 /* Sources */ = {
			isa = PBXSourcesBuildPhase;
			buildActionMask = 2147483647;
			files = (
				F9268F60266AD2ED00D0CEB3 /* Tests_iOS.swift in Sources */,
			);
			runOnlyForDeploymentPostprocessing = 0;
		};
		F9268F62266AD2ED00D0CEB3 /* Sources */ = {
			isa = PBXSourcesBuildPhase;
			buildActionMask = 2147483647;
			files = (
				F9268F6B266AD2ED00D0CEB3 /* Tests_macOS.swift in Sources */,
			);
			runOnlyForDeploymentPostprocessing = 0;
		};
/* End PBXSourcesBuildPhase section */

/* Begin PBXTargetDependency section */
		F9268F5D266AD2ED00D0CEB3 /* PBXTargetDependency */ = {
			isa = PBXTargetDependency;
			target = F9268F4A266AD2ED00D0CEB3 /* switcherui (iOS) */;
			targetProxy = F9268F5C266AD2ED00D0CEB3 /* PBXContainerItemProxy */;
		};
		F9268F68266AD2ED00D0CEB3 /* PBXTargetDependency */ = {
			isa = PBXTargetDependency;
			target = F9268F52266AD2ED00D0CEB3 /* switcherui (macOS) */;
			targetProxy = F9268F67266AD2ED00D0CEB3 /* PBXContainerItemProxy */;
		};
/* End PBXTargetDependency section */

/* Begin XCBuildConfiguration section */
		F9268F73266AD2ED00D0CEB3 /* Debug */ = {
			isa = XCBuildConfiguration;
			buildSettings = {
				ALWAYS_SEARCH_USER_PATHS = NO;
				CLANG_ANALYZER_NONNULL = YES;
				CLANG_ANALYZER_NUMBER_OBJECT_CONVERSION = YES_AGGRESSIVE;
				CLANG_CXX_LANGUAGE_STANDARD = "gnu++14";
				CLANG_CXX_LIBRARY = "libc++";
				CLANG_ENABLE_MODULES = YES;
				CLANG_ENABLE_OBJC_ARC = YES;
				CLANG_ENABLE_OBJC_WEAK = YES;
				CLANG_WARN_BLOCK_CAPTURE_AUTORELEASING = YES;
				CLANG_WARN_BOOL_CONVERSION = YES;
				CLANG_WARN_COMMA = YES;
				CLANG_WARN_CONSTANT_CONVERSION = YES;
				CLANG_WARN_DEPRECATED_OBJC_IMPLEMENTATIONS = YES;
				CLANG_WARN_DIRECT_OBJC_ISA_USAGE = YES_ERROR;
				CLANG_WARN_DOCUMENTATION_COMMENTS = YES;
				CLANG_WARN_EMPTY_BODY = YES;
				CLANG_WARN_ENUM_CONVERSION = YES;
				CLANG_WARN_INFINITE_RECURSION = YES;
				CLANG_WARN_INT_CONVERSION = YES;
				CLANG_WARN_NON_LITERAL_NULL_CONVERSION = YES;
				CLANG_WARN_OBJC_IMPLICIT_RETAIN_SELF = YES;
				CLANG_WARN_OBJC_LITERAL_CONVERSION = YES;
				CLANG_WARN_OBJC_ROOT_CLASS = YES_ERROR;
				CLANG_WARN_QUOTED_INCLUDE_IN_FRAMEWORK_HEADER = YES;
				CLANG_WARN_RANGE_LOOP_ANALYSIS = YES;
				CLANG_WARN_STRICT_PROTOTYPES = YES;
				CLANG_WARN_SUSPICIOUS_MOVE = YES;
				CLANG_WARN_UNGUARDED_AVAILABILITY = YES_AGGRESSIVE;
				CLANG_WARN_UNREACHABLE_CODE = YES;
				CLANG_WARN__DUPLICATE_METHOD_MATCH = YES;
				COPY_PHASE_STRIP = NO;
				DEBUG_INFORMATION_FORMAT = dwarf;
				ENABLE_STRICT_OBJC_MSGSEND = YES;
				ENABLE_TESTABILITY = YES;
				GCC_C_LANGUAGE_STANDARD = gnu11;
				GCC_DYNAMIC_NO_PIC = NO;
				GCC_NO_COMMON_BLOCKS = YES;
				GCC_OPTIMIZATION_LEVEL = 0;
				GCC_PREPROCESSOR_DEFINITIONS = (
					"DEBUG=1",
					"$(inherited)",
				);
				GCC_WARN_64_TO_32_BIT_CONVERSION = YES;
				GCC_WARN_ABOUT_RETURN_TYPE = YES_ERROR;
				GCC_WARN_UNDECLARED_SELECTOR = YES;
				GCC_WARN_UNINITIALIZED_AUTOS = YES_AGGRESSIVE;
				GCC_WARN_UNUSED_FUNCTION = YES;
				GCC_WARN_UNUSED_VARIABLE = YES;
				MTL_ENABLE_DEBUG_INFO = INCLUDE_SOURCE;
				MTL_FAST_MATH = YES;
				ONLY_ACTIVE_ARCH = YES;
				SWIFT_ACTIVE_COMPILATION_CONDITIONS = DEBUG;
				SWIFT_OPTIMIZATION_LEVEL = "-Onone";
			};
			name = Debug;
		};
		F9268F74266AD2ED00D0CEB3 /* Release */ = {
			isa = XCBuildConfiguration;
			buildSettings = {
				ALWAYS_SEARCH_USER_PATHS = NO;
				CLANG_ANALYZER_NONNULL = YES;
				CLANG_ANALYZER_NUMBER_OBJECT_CONVERSION = YES_AGGRESSIVE;
				CLANG_CXX_LANGUAGE_STANDARD = "gnu++14";
				CLANG_CXX_LIBRARY = "libc++";
				CLANG_ENABLE_MODULES = YES;
				CLANG_ENABLE_OBJC_ARC = YES;
				CLANG_ENABLE_OBJC_WEAK = YES;
				CLANG_WARN_BLOCK_CAPTURE_AUTORELEASING = YES;
				CLANG_WARN_BOOL_CONVERSION = YES;
				CLANG_WARN_COMMA = YES;
				CLANG_WARN_CONSTANT_CONVERSION = YES;
				CLANG_WARN_DEPRECATED_OBJC_IMPLEMENTATIONS = YES;
				CLANG_WARN_DIRECT_OBJC_ISA_USAGE = YES_ERROR;
				CLANG_WARN_DOCUMENTATION_COMMENTS = YES;
				CLANG_WARN_EMPTY_BODY = YES;
				CLANG_WARN_ENUM_CONVERSION = YES;
				CLANG_WARN_INFINITE_RECURSION = YES;
				CLANG_WARN_INT_CONVERSION = YES;
				CLANG_WARN_NON_LITERAL_NULL_CONVERSION = YES;
				CLANG_WARN_OBJC_IMPLICIT_RETAIN_SELF = YES;
				CLANG_WARN_OBJC_LITERAL_CONVERSION = YES;
				CLANG_WARN_OBJC_ROOT_CLASS = YES_ERROR;
				CLANG_WARN_QUOTED_INCLUDE_IN_FRAMEWORK_HEADER = YES;
				CLANG_WARN_RANGE_LOOP_ANALYSIS = YES;
				CLANG_WARN_STRICT_PROTOTYPES = YES;
				CLANG_WARN_SUSPICIOUS_MOVE = YES;
				CLANG_WARN_UNGUARDED_AVAILABILITY = YES_AGGRESSIVE;
				CLANG_WARN_UNREACHABLE_CODE = YES;
				CLANG_WARN__DUPLICATE_METHOD_MATCH = YES;
				COPY_PHASE_STRIP = NO;
				DEBUG_INFORMATION_FORMAT = "dwarf-with-dsym";
				ENABLE_NS_ASSERTIONS = NO;
				ENABLE_STRICT_OBJC_MSGSEND = YES;
				GCC_C_LANGUAGE_STANDARD = gnu11;
				GCC_NO_COMMON_BLOCKS = YES;
				GCC_WARN_64_TO_32_BIT_CONVERSION = YES;
				GCC_WARN_ABOUT_RETURN_TYPE = YES_ERROR;
				GCC_WARN_UNDECLARED_SELECTOR = YES;
				GCC_WARN_UNINITIALIZED_AUTOS = YES_AGGRESSIVE;
				GCC_WARN_UNUSED_FUNCTION = YES;
				GCC_WARN_UNUSED_VARIABLE = YES;
				MTL_ENABLE_DEBUG_INFO = NO;
				MTL_FAST_MATH = YES;
				SWIFT_COMPILATION_MODE = wholemodule;
				SWIFT_OPTIMIZATION_LEVEL = "-O";
			};
			name = Release;
		};
		F9268F76266AD2ED00D0CEB3 /* Debug */ = {
			isa = XCBuildConfiguration;
			buildSettings = {
				ASSETCATALOG_COMPILER_APPICON_NAME = AppIcon;
				ASSETCATALOG_COMPILER_GLOBAL_ACCENT_COLOR_NAME = AccentColor;
				CODE_SIGN_STYLE = Automatic;
				DEVELOPMENT_TEAM = UQUZ4VHPX3;
				ENABLE_PREVIEWS = YES;
				INFOPLIST_FILE = iOS/Info.plist;
				IPHONEOS_DEPLOYMENT_TARGET = 14.0;
				LD_RUNPATH_SEARCH_PATHS = (
					"$(inherited)",
					"@executable_path/Frameworks",
				);
				PRODUCT_BUNDLE_IDENTIFIER = witek.switchui;
				PRODUCT_NAME = switcherui;
				SDKROOT = iphoneos;
				SWIFT_VERSION = 5.0;
				TARGETED_DEVICE_FAMILY = "1,2";
			};
			name = Debug;
		};
		F9268F77266AD2ED00D0CEB3 /* Release */ = {
			isa = XCBuildConfiguration;
			buildSettings = {
				ASSETCATALOG_COMPILER_APPICON_NAME = AppIcon;
				ASSETCATALOG_COMPILER_GLOBAL_ACCENT_COLOR_NAME = AccentColor;
				CODE_SIGN_STYLE = Automatic;
				DEVELOPMENT_TEAM = UQUZ4VHPX3;
				ENABLE_PREVIEWS = YES;
				INFOPLIST_FILE = iOS/Info.plist;
				IPHONEOS_DEPLOYMENT_TARGET = 14.0;
				LD_RUNPATH_SEARCH_PATHS = (
					"$(inherited)",
					"@executable_path/Frameworks",
				);
				PRODUCT_BUNDLE_IDENTIFIER = witek.switchui;
				PRODUCT_NAME = switcherui;
				SDKROOT = iphoneos;
				SWIFT_VERSION = 5.0;
				TARGETED_DEVICE_FAMILY = "1,2";
				VALIDATE_PRODUCT = YES;
			};
			name = Release;
		};
		F9268F79266AD2ED00D0CEB3 /* Debug */ = {
			isa = XCBuildConfiguration;
			buildSettings = {
				ASSETCATALOG_COMPILER_APPICON_NAME = AppIcon;
				ASSETCATALOG_COMPILER_GLOBAL_ACCENT_COLOR_NAME = AccentColor;
				CODE_SIGN_ENTITLEMENTS = macOS/macOS.entitlements;
				CODE_SIGN_STYLE = Automatic;
				COMBINE_HIDPI_IMAGES = YES;
				DEVELOPMENT_TEAM = UQUZ4VHPX3;
				ENABLE_HARDENED_RUNTIME = YES;
				ENABLE_PREVIEWS = YES;
				INFOPLIST_FILE = macOS/Info.plist;
				LD_RUNPATH_SEARCH_PATHS = (
					"$(inherited)",
					"@executable_path/../Frameworks",
				);
				MACOSX_DEPLOYMENT_TARGET = 11.0;
				PRODUCT_BUNDLE_IDENTIFIER = witek.switchui;
				PRODUCT_NAME = switcherui;
				SDKROOT = macosx;
				SWIFT_VERSION = 5.0;
			};
			name = Debug;
		};
		F9268F7A266AD2ED00D0CEB3 /* Release */ = {
			isa = XCBuildConfiguration;
			buildSettings = {
				ASSETCATALOG_COMPILER_APPICON_NAME = AppIcon;
				ASSETCATALOG_COMPILER_GLOBAL_ACCENT_COLOR_NAME = AccentColor;
				CODE_SIGN_ENTITLEMENTS = macOS/macOS.entitlements;
				CODE_SIGN_STYLE = Automatic;
				COMBINE_HIDPI_IMAGES = YES;
				DEVELOPMENT_TEAM = UQUZ4VHPX3;
				ENABLE_HARDENED_RUNTIME = YES;
				ENABLE_PREVIEWS = YES;
				INFOPLIST_FILE = macOS/Info.plist;
				LD_RUNPATH_SEARCH_PATHS = (
					"$(inherited)",
					"@executable_path/../Frameworks",
				);
				MACOSX_DEPLOYMENT_TARGET = 11.0;
				PRODUCT_BUNDLE_IDENTIFIER = witek.switchui;
				PRODUCT_NAME = switcherui;
				SDKROOT = macosx;
				SWIFT_VERSION = 5.0;
			};
			name = Release;
		};
		F9268F7C266AD2ED00D0CEB3 /* Debug */ = {
			isa = XCBuildConfiguration;
			buildSettings = {
				ALWAYS_EMBED_SWIFT_STANDARD_LIBRARIES = YES;
				CODE_SIGN_STYLE = Automatic;
				DEVELOPMENT_TEAM = UQUZ4VHPX3;
				INFOPLIST_FILE = "Tests iOS/Info.plist";
				IPHONEOS_DEPLOYMENT_TARGET = 14.5;
				LD_RUNPATH_SEARCH_PATHS = (
					"$(inherited)",
					"@executable_path/Frameworks",
					"@loader_path/Frameworks",
				);
				PRODUCT_BUNDLE_IDENTIFIER = "witek.Tests-iOS";
				PRODUCT_NAME = "$(TARGET_NAME)";
				SDKROOT = iphoneos;
				SWIFT_VERSION = 5.0;
				TARGETED_DEVICE_FAMILY = "1,2";
				TEST_TARGET_NAME = "testble2 (iOS)";
			};
			name = Debug;
		};
		F9268F7D266AD2ED00D0CEB3 /* Release */ = {
			isa = XCBuildConfiguration;
			buildSettings = {
				ALWAYS_EMBED_SWIFT_STANDARD_LIBRARIES = YES;
				CODE_SIGN_STYLE = Automatic;
				DEVELOPMENT_TEAM = UQUZ4VHPX3;
				INFOPLIST_FILE = "Tests iOS/Info.plist";
				IPHONEOS_DEPLOYMENT_TARGET = 14.5;
				LD_RUNPATH_SEARCH_PATHS = (
					"$(inherited)",
					"@executable_path/Frameworks",
					"@loader_path/Frameworks",
				);
				PRODUCT_BUNDLE_IDENTIFIER = "witek.Tests-iOS";
				PRODUCT_NAME = "$(TARGET_NAME)";
				SDKROOT = iphoneos;
				SWIFT_VERSION = 5.0;
				TARGETED_DEVICE_FAMILY = "1,2";
				TEST_TARGET_NAME = "testble2 (iOS)";
				VALIDATE_PRODUCT = YES;
			};
			name = Release;
		};
		F9268F7F266AD2ED00D0CEB3 /* Debug */ = {
			isa = XCBuildConfiguration;
			buildSettings = {
				ALWAYS_EMBED_SWIFT_STANDARD_LIBRARIES = YES;
				CODE_SIGN_STYLE = Automatic;
				COMBINE_HIDPI_IMAGES = YES;
				DEVELOPMENT_TEAM = UQUZ4VHPX3;
				INFOPLIST_FILE = "Tests macOS/Info.plist";
				LD_RUNPATH_SEARCH_PATHS = (
					"$(inherited)",
					"@executable_path/../Frameworks",
					"@loader_path/../Frameworks",
				);
				MACOSX_DEPLOYMENT_TARGET = 11.2;
				PRODUCT_BUNDLE_IDENTIFIER = "witek.Tests-macOS";
				PRODUCT_NAME = "$(TARGET_NAME)";
				SDKROOT = macosx;
				SWIFT_VERSION = 5.0;
				TEST_TARGET_NAME = "testble2 (macOS)";
			};
			name = Debug;
		};
		F9268F80266AD2ED00D0CEB3 /* Release */ = {
			isa = XCBuildConfiguration;
			buildSettings = {
				ALWAYS_EMBED_SWIFT_STANDARD_LIBRARIES = YES;
				CODE_SIGN_STYLE = Automatic;
				COMBINE_HIDPI_IMAGES = YES;
				DEVELOPMENT_TEAM = UQUZ4VHPX3;
				INFOPLIST_FILE = "Tests macOS/Info.plist";
				LD_RUNPATH_SEARCH_PATHS = (
					"$(inherited)",
					"@executable_path/../Frameworks",
					"@loader_path/../Frameworks",
				);
				MACOSX_DEPLOYMENT_TARGET = 11.2;
				PRODUCT_BUNDLE_IDENTIFIER = "witek.Tests-macOS";
				PRODUCT_NAME = "$(TARGET_NAME)";
				SDKROOT = macosx;
				SWIFT_VERSION = 5.0;
				TEST_TARGET_NAME = "testble2 (macOS)";
			};
			name = Release;
		};
/* End XCBuildConfiguration section */

/* Begin XCConfigurationList section */
		F9268F42266AD2EA00D0CEB3 /* Build configuration list for PBXProject "switcherui" */ = {
			isa = XCConfigurationList;
			buildConfigurations = (
				F9268F73266AD2ED00D0CEB3 /* Debug */,
				F9268F74266AD2ED00D0CEB3 /* Release */,
			);
			defaultConfigurationIsVisible = 0;
			defaultConfigurationName = Release;
		};
		F9268F75266AD2ED00D0CEB3 /* Build configuration list for PBXNativeTarget "switcherui (iOS)" */ = {
			isa = XCConfigurationList;
			buildConfigurations = (
				F9268F76266AD2ED00D0CEB3 /* Debug */,
				F9268F77266AD2ED00D0CEB3 /* Release */,
			);
			defaultConfigurationIsVisible = 0;
			defaultConfigurationName = Release;
		};
		F9268F78266AD2ED00D0CEB3 /* Build configuration list for PBXNativeTarget "switcherui (macOS)" */ = {
			isa = XCConfigurationList;
			buildConfigurations = (
				F9268F79266AD2ED00D0CEB3 /* Debug */,
				F9268F7A266AD2ED00D0CEB3 /* Release */,
			);
			defaultConfigurationIsVisible = 0;
			defaultConfigurationName = Release;
		};
		F9268F7B266AD2ED00D0CEB3 /* Build configuration list for PBXNativeTarget "Tests iOS" */ = {
			isa = XCConfigurationList;
			buildConfigurations = (
				F9268F7C266AD2ED00D0CEB3 /* Debug */,
				F9268F7D266AD2ED00D0CEB3 /* Release */,
			);
			defaultConfigurationIsVisible = 0;
			defaultConfigurationName = Release;
		};
		F9268F7E266AD2ED00D0CEB3 /* Build configuration list for PBXNativeTarget "Tests macOS" */ = {
			isa = XCConfigurationList;
			buildConfigurations = (
				F9268F7F266AD2ED00D0CEB3 /* Debug */,
				F9268F80266AD2ED00D0CEB3 /* Release */,
			);
			defaultConfigurationIsVisible = 0;
			defaultConfigurationName = Release;
		};
/* End XCConfigurationList section */
	};
	rootObject = F9268F3F266AD2EA00D0CEB3 /* Project object */;
}
